
Microsoft Visual Studio Solution File, Format Version 12.00
# Visual Studio 2012
Project("{FAE04EC0-301F-11D3-BF4B-00C04F79EFBC}") = "layer1", "layer1\layer1.csproj", "{4E805753-3EFA-4740-B101-A1FB697BF13D}"
EndProject
Project("{FAE04EC0-301F-11D3-BF4B-00C04F79EFBC}") = "layer2", "layer2\layer2.csproj", "{BCF72FA6-764C-4168-A134-2B83233220E9}"
EndProject
Project("{FAE04EC0-301F-11D3-BF4B-00C04F79EFBC}") = "client", "client\client.csproj", "{4F1492AD-46DB-44B6-827A-ABA7FAE0D27A}"
EndProject
Global
	GlobalSection(SolutionConfigurationPlatforms) = preSolution
		Debug|Any CPU = Debug|Any CPU
		Release|Any CPU = Release|Any CPU
	EndGlobalSection
	GlobalSection(ProjectConfigurationPlatforms) = postSolution
		{4E805753-3EFA-4740-B101-A1FB697BF13D}.Debug|Any CPU.ActiveCfg = Debug|Any CPU
		{4E805753-3EFA-4740-B101-A1FB697BF13D}.Debug|Any CPU.Build.0 = Debug|Any CPU
		{4E805753-3EFA-4740-B101-A1FB697BF13D}.Release|Any CPU.ActiveCfg = Release|Any CPU
		{4E805753-3EFA-4740-B101-A1FB697BF13D}.Release|Any CPU.Build.0 = Release|Any CPU
		{4F1492AD-46DB-44B6-827A-ABA7FAE0D27A}.Debug|Any CPU.ActiveCfg = Debug|Any CPU
		{4F1492AD-46DB-44B6-827A-ABA7FAE0D27A}.Debug|Any CPU.Build.0 = Debug|Any CPU
		{4F1492AD-46DB-44B6-827A-ABA7FAE0D27A}.Release|Any CPU.ActiveCfg = Release|Any CPU
		{4F1492AD-46DB-44B6-827A-ABA7FAE0D27A}.Release|Any CPU.Build.0 = Release|Any CPU
		{BCF72FA6-764C-4168-A134-2B83233220E9}.Debug|Any CPU.ActiveCfg = Debug|Any CPU
		{BCF72FA6-764C-4168-A134-2B83233220E9}.Debug|Any CPU.Build.0 = Debug|Any CPU
		{BCF72FA6-764C-4168-A134-2B83233220E9}.Release|Any CPU.ActiveCfg = Release|Any CPU
		{BCF72FA6-764C-4168-A134-2B83233220E9}.Release|Any CPU.Build.0 = Release|Any CPU
	EndGlobalSection
EndGlobal
